
Microsoft Visual Studio Solution File, Format Version 12.00
# Visual Studio Version 17
VisualStudioVersion = 17.0.32014.148
MinimumVisualStudioVersion = 10.0.40219.1
Project("{FAE04EC0-301F-11D3-BF4B-00C04F79EFBC}") = "ConvertFileToPicture", "ConvertFileToPicture\ConvertFileToPicture.csproj", "{0848C465-DD04-4383-98E3-A95466E1854E}"
EndProject
Global
	GlobalSection(SolutionConfigurationPlatforms) = preSolution
		Debug|Any CPU = Debug|Any CPU
		Release|Any CPU = Release|Any CPU
	EndGlobalSection
	GlobalSection(ProjectConfigurationPlatforms) = postSolution
		{0848C465-DD04-4383-98E3-A95466E1854E}.Debug|Any CPU.ActiveCfg = Debug|Any CPU
		{0848C465-DD04-4383-98E3-A95466E1854E}.Debug|Any CPU.Build.0 = Debug|Any CPU
		{0848C465-DD04-4383-98E3-A95466E1854E}.Release|Any CPU.ActiveCfg = Release|Any CPU
		{0848C465-DD04-4383-98E3-A95466E1854E}.Release|Any CPU.Build.0 = Release|Any CPU
	EndGlobalSection
	GlobalSection(SolutionProperties) = preSolution
		HideSolutionNode = FALSE
	EndGlobalSection
	GlobalSection(ExtensibilityGlobals) = postSolution
		SolutionGuid = {9CC79808-233D-4904-9530-DDA5EE93C479}
	EndGlobalSection
EndGlobal
